
Microsoft Visual Studio Solution File, Format Version 12.00
# Visual Studio 15
VisualStudioVersion = 15.0.27428.2037
MinimumVisualStudioVersion = 10.0.40219.1
Project("{FAE04EC0-301F-11D3-BF4B-00C04F79EFBC}") = "InstrumentumColorPicker", "InstrumentumColorPicker\InstrumentumColorPicker.csproj", "{C8F87CC7-FE4D-49CD-A56A-205626417FB1}"
EndProject
Global
	GlobalSection(SolutionConfigurationPlatforms) = preSolution
		Debug|Any CPU = Debug|Any CPU
		Release|Any CPU = Release|Any CPU
	EndGlobalSection
	GlobalSection(ProjectConfigurationPlatforms) = postSolution
		{C8F87CC7-FE4D-49CD-A56A-205626417FB1}.Debug|Any CPU.ActiveCfg = Debug|Any CPU
		{C8F87CC7-FE4D-49CD-A56A-205626417FB1}.Debug|Any CPU.Build.0 = Debug|Any CPU
		{C8F87CC7-FE4D-49CD-A56A-205626417FB1}.Release|Any CPU.ActiveCfg = Release|Any CPU
		{C8F87CC7-FE4D-49CD-A56A-205626417FB1}.Release|Any CPU.Build.0 = Release|Any CPU
	EndGlobalSection
	GlobalSection(SolutionProperties) = preSolution
		HideSolutionNode = FALSE
	EndGlobalSection
	GlobalSection(ExtensibilityGlobals) = postSolution
		SolutionGuid = {4123CC65-44B5-4548-B5C1-972AB904AE34}
	EndGlobalSection
EndGlobal
